
Microsoft Visual Studio Solution File, Format Version 12.00
# Visual Studio 15
VisualStudioVersion = 15.0.28307.1022
MinimumVisualStudioVersion = 10.0.40219.1
Project("{FAE04EC0-301F-11D3-BF4B-00C04F79EFBC}") = "HospitalUI", "HospitalUI\HospitalUI.csproj", "{2F6E5421-AAFE-472B-AD8D-8911E4CB7583}"
EndProject
Project("{FAE04EC0-301F-11D3-BF4B-00C04F79EFBC}") = "HospitalService", "HospitalService\HospitalService.csproj", "{A568E404-F8E1-4D94-A4DB-8E627CB915E4}"
EndProject
Project("{FAE04EC0-301F-11D3-BF4B-00C04F79EFBC}") = "HospitalDTO", "HospitalDTO\HospitalDTO.csproj", "{F49B547F-36D7-4F29-84AC-8120D2E3F6C2}"
EndProject
Global
	GlobalSection(SolutionConfigurationPlatforms) = preSolution
		Debug|Any CPU = Debug|Any CPU
		Release|Any CPU = Release|Any CPU
	EndGlobalSection
	GlobalSection(ProjectConfigurationPlatforms) = postSolution
		{2F6E5421-AAFE-472B-AD8D-8911E4CB7583}.Debug|Any CPU.ActiveCfg = Debug|Any CPU
		{2F6E5421-AAFE-472B-AD8D-8911E4CB7583}.Debug|Any CPU.Build.0 = Debug|Any CPU
		{2F6E5421-AAFE-472B-AD8D-8911E4CB7583}.Release|Any CPU.ActiveCfg = Release|Any CPU
		{2F6E5421-AAFE-472B-AD8D-8911E4CB7583}.Release|Any CPU.Build.0 = Release|Any CPU
		{A568E404-F8E1-4D94-A4DB-8E627CB915E4}.Debug|Any CPU.ActiveCfg = Debug|Any CPU
		{A568E404-F8E1-4D94-A4DB-8E627CB915E4}.Debug|Any CPU.Build.0 = Debug|Any CPU
		{A568E404-F8E1-4D94-A4DB-8E627CB915E4}.Release|Any CPU.ActiveCfg = Release|Any CPU
		{A568E404-F8E1-4D94-A4DB-8E627CB915E4}.Release|Any CPU.Build.0 = Release|Any CPU
		{F49B547F-36D7-4F29-84AC-8120D2E3F6C2}.Debug|Any CPU.ActiveCfg = Debug|Any CPU
		{F49B547F-36D7-4F29-84AC-8120D2E3F6C2}.Debug|Any CPU.Build.0 = Debug|Any CPU
		{F49B547F-36D7-4F29-84AC-8120D2E3F6C2}.Release|Any CPU.ActiveCfg = Release|Any CPU
		{F49B547F-36D7-4F29-84AC-8120D2E3F6C2}.Release|Any CPU.Build.0 = Release|Any CPU
	EndGlobalSection
	GlobalSection(SolutionProperties) = preSolution
		HideSolutionNode = FALSE
	EndGlobalSection
	GlobalSection(ExtensibilityGlobals) = postSolution
		SolutionGuid = {66CB0CFD-DE69-41E9-B61C-2FCC573297F8}
	EndGlobalSection
EndGlobal
