
Microsoft Visual Studio Solution File, Format Version 12.00
# Visual Studio Version 16
VisualStudioVersion = 16.0.30413.136
MinimumVisualStudioVersion = 10.0.40219.1
Project("{FAE04EC0-301F-11D3-BF4B-00C04F79EFBC}") = "hospital1", "hospital1.csproj", "{07145E28-B154-4D31-934B-DCFB41151C83}"
EndProject
Project("{FAE04EC0-301F-11D3-BF4B-00C04F79EFBC}") = "hosptialService1", "..\hosptialService1\hosptialService1.csproj", "{DA517DC3-8484-4892-ABDE-BE4D1E4639C1}"
EndProject
Project("{FAE04EC0-301F-11D3-BF4B-00C04F79EFBC}") = "hospitalDTO1", "..\hospitalDTO1\hospitalDTO1.csproj", "{BBD89C5D-0EC3-4321-8D82-F742715BE5B2}"
EndProject
Project("{FAE04EC0-301F-11D3-BF4B-00C04F79EFBC}") = "hospital1Web", "..\hospital1Web\hospital1Web.csproj", "{F7F85775-E7C8-4A00-AEEA-5B004E4716AB}"
EndProject
Global
	GlobalSection(SolutionConfigurationPlatforms) = preSolution
		Debug|Any CPU = Debug|Any CPU
		Release|Any CPU = Release|Any CPU
	EndGlobalSection
	GlobalSection(ProjectConfigurationPlatforms) = postSolution
		{07145E28-B154-4D31-934B-DCFB41151C83}.Debug|Any CPU.ActiveCfg = Debug|Any CPU
		{07145E28-B154-4D31-934B-DCFB41151C83}.Debug|Any CPU.Build.0 = Debug|Any CPU
		{07145E28-B154-4D31-934B-DCFB41151C83}.Release|Any CPU.ActiveCfg = Release|Any CPU
		{07145E28-B154-4D31-934B-DCFB41151C83}.Release|Any CPU.Build.0 = Release|Any CPU
		{DA517DC3-8484-4892-ABDE-BE4D1E4639C1}.Debug|Any CPU.ActiveCfg = Debug|Any CPU
		{DA517DC3-8484-4892-ABDE-BE4D1E4639C1}.Debug|Any CPU.Build.0 = Debug|Any CPU
		{DA517DC3-8484-4892-ABDE-BE4D1E4639C1}.Release|Any CPU.ActiveCfg = Release|Any CPU
		{DA517DC3-8484-4892-ABDE-BE4D1E4639C1}.Release|Any CPU.Build.0 = Release|Any CPU
		{BBD89C5D-0EC3-4321-8D82-F742715BE5B2}.Debug|Any CPU.ActiveCfg = Debug|Any CPU
		{BBD89C5D-0EC3-4321-8D82-F742715BE5B2}.Debug|Any CPU.Build.0 = Debug|Any CPU
		{BBD89C5D-0EC3-4321-8D82-F742715BE5B2}.Release|Any CPU.ActiveCfg = Release|Any CPU
		{BBD89C5D-0EC3-4321-8D82-F742715BE5B2}.Release|Any CPU.Build.0 = Release|Any CPU
		{F7F85775-E7C8-4A00-AEEA-5B004E4716AB}.Debug|Any CPU.ActiveCfg = Debug|Any CPU
		{F7F85775-E7C8-4A00-AEEA-5B004E4716AB}.Debug|Any CPU.Build.0 = Debug|Any CPU
		{F7F85775-E7C8-4A00-AEEA-5B004E4716AB}.Release|Any CPU.ActiveCfg = Release|Any CPU
		{F7F85775-E7C8-4A00-AEEA-5B004E4716AB}.Release|Any CPU.Build.0 = Release|Any CPU
	EndGlobalSection
	GlobalSection(SolutionProperties) = preSolution
		HideSolutionNode = FALSE
	EndGlobalSection
	GlobalSection(ExtensibilityGlobals) = postSolution
		SolutionGuid = {A278D1AA-5988-4A4B-BC1C-58D732CEAF0F}
	EndGlobalSection
EndGlobal
